// !$*UTF8*$!
{
	archiveVersion = 1;
	classes = {
	};
	objectVersion = 45;
	objects = {

/* Begin PBXBuildFile section */
		7478BC9914EC40B600B97444 /* libopencv_core.2.3.1.dylib in Frameworks */ = {isa = PBXBuildFile; fileRef = 7478BC9314EC40B600B97444 /* libopencv_core.2.3.1.dylib */; };
		7478BC9A14EC40B600B97444 /* libopencv_highgui.2.3.1.dylib in Frameworks */ = {isa = PBXBuildFile; fileRef = 7478BC9414EC40B600B97444 /* libopencv_highgui.2.3.1.dylib */; };
		7478BC9B14EC40B600B97444 /* libopencv_imgproc.2.3.1.dylib in Frameworks */ = {isa = PBXBuildFile; fileRef = 7478BC9514EC40B600B97444 /* libopencv_imgproc.2.3.1.dylib */; };
		7478BC9C14EC40B600B97444 /* libopencv_legacy.2.3.1.dylib in Frameworks */ = {isa = PBXBuildFile; fileRef = 7478BC9614EC40B600B97444 /* libopencv_legacy.2.3.1.dylib */; };
		7478BC9D14EC40B600B97444 /* libopencv_video.2.3.1.dylib in Frameworks */ = {isa = PBXBuildFile; fileRef = 7478BC9714EC40B600B97444 /* libopencv_video.2.3.1.dylib */; };
		7478BC9E14EC40B600B97444 /* libopenjpeg.1.dylib in Frameworks */ = {isa = PBXBuildFile; fileRef = 7478BC9814EC40B600B97444 /* libopenjpeg.1.dylib */; };
		7478BCAD14EC413200B97444 /* libopencv_calib3d.2.3.1.dylib in Frameworks */ = {isa = PBXBuildFile; fileRef = 7478BCA514EC413200B97444 /* libopencv_calib3d.2.3.1.dylib */; };
		7478BCAE14EC413200B97444 /* libopencv_contrib.2.3.1.dylib in Frameworks */ = {isa = PBXBuildFile; fileRef = 7478BCA614EC413200B97444 /* libopencv_contrib.2.3.1.dylib */; };
		7478BCAF14EC413200B97444 /* libopencv_features2d.2.3.1.dylib in Frameworks */ = {isa = PBXBuildFile; fileRef = 7478BCA714EC413200B97444 /* libopencv_features2d.2.3.1.dylib */; };
		7478BCB014EC413200B97444 /* libopencv_flann.2.3.1.dylib in Frameworks */ = {isa = PBXBuildFile; fileRef = 7478BCA814EC413200B97444 /* libopencv_flann.2.3.1.dylib */; };
		7478BCB114EC413200B97444 /* libopencv_gpu.2.3.1.dylib in Frameworks */ = {isa = PBXBuildFile; fileRef = 7478BCA914EC413200B97444 /* libopencv_gpu.2.3.1.dylib */; };
		7478BCB214EC413200B97444 /* libopencv_ml.2.3.1.dylib in Frameworks */ = {isa = PBXBuildFile; fileRef = 7478BCAA14EC413200B97444 /* libopencv_ml.2.3.1.dylib */; };
		7478BCB314EC413200B97444 /* libopencv_objdetect.2.3.1.dylib in Frameworks */ = {isa = PBXBuildFile; fileRef = 7478BCAB14EC413200B97444 /* libopencv_objdetect.2.3.1.dylib */; };
		7478BCB414EC413200B97444 /* libopencv_ts.2.3.1.dylib in Frameworks */ = {isa = PBXBuildFile; fileRef = 7478BCAC14EC413200B97444 /* libopencv_ts.2.3.1.dylib */; };
		7478BD7814EC5F1D00B97444 /* libzbar.0.dylib in Frameworks */ = {isa = PBXBuildFile; fileRef = 7478BD7414EC5F1D00B97444 /* libzbar.0.dylib */; };
		7478BD7914EC5F1D00B97444 /* libzbar.a in Frameworks */ = {isa = PBXBuildFile; fileRef = 7478BD7514EC5F1D00B97444 /* libzbar.a */; };
		7478BD7A14EC5F1D00B97444 /* libzbar.dylib in Frameworks */ = {isa = PBXBuildFile; fileRef = 7478BD7614EC5F1D00B97444 /* libzbar.dylib */; };
		8DD76FAC0486AB0100D96B5E /* main.c in Sources */ = {isa = PBXBuildFile; fileRef = 08FB7796FE84155DC02AAC07 /* main.c */; settings = {ATTRIBUTES = (); }; };
		8DD76FB00486AB0100D96B5E /* CameraStream.1 in CopyFiles */ = {isa = PBXBuildFile; fileRef = C6A0FF2C0290799A04C91782 /* CameraStream.1 */; };
/* End PBXBuildFile section */

/* Begin PBXCopyFilesBuildPhase section */
		8DD76FAF0486AB0100D96B5E /* CopyFiles */ = {
			isa = PBXCopyFilesBuildPhase;
			buildActionMask = 8;
			dstPath = /usr/share/man/man1/;
			dstSubfolderSpec = 0;
			files = (
				8DD76FB00486AB0100D96B5E /* CameraStream.1 in CopyFiles */,
			);
			runOnlyForDeploymentPostprocessing = 1;
		};
/* End PBXCopyFilesBuildPhase section */

/* Begin PBXFileReference section */
		08FB7796FE84155DC02AAC07 /* main.c */ = {isa = PBXFileReference; fileEncoding = 4; lastKnownFileType = sourcecode.c.c; path = main.c; sourceTree = "<group>"; };
		7478BC9314EC40B600B97444 /* libopencv_core.2.3.1.dylib */ = {isa = PBXFileReference; lastKnownFileType = "compiled.mach-o.dylib"; name = libopencv_core.2.3.1.dylib; path = /opt/local/lib/libopencv_core.2.3.1.dylib; sourceTree = "<absolute>"; };
		7478BC9414EC40B600B97444 /* libopencv_highgui.2.3.1.dylib */ = {isa = PBXFileReference; lastKnownFileType = "compiled.mach-o.dylib"; name = libopencv_highgui.2.3.1.dylib; path = /opt/local/lib/libopencv_highgui.2.3.1.dylib; sourceTree = "<absolute>"; };
		7478BC9514EC40B600B97444 /* libopencv_imgproc.2.3.1.dylib */ = {isa = PBXFileReference; lastKnownFileType = "compiled.mach-o.dylib"; name = libopencv_imgproc.2.3.1.dylib; path = /opt/local/lib/libopencv_imgproc.2.3.1.dylib; sourceTree = "<absolute>"; };
		7478BC9614EC40B600B97444 /* libopencv_legacy.2.3.1.dylib */ = {isa = PBXFileReference; lastKnownFileType = "compiled.mach-o.dylib"; name = libopencv_legacy.2.3.1.dylib; path = /opt/local/lib/libopencv_legacy.2.3.1.dylib; sourceTree = "<absolute>"; };
		7478BC9714EC40B600B97444 /* libopencv_video.2.3.1.dylib */ = {isa = PBXFileReference; lastKnownFileType = "compiled.mach-o.dylib"; name = libopencv_video.2.3.1.dylib; path = /opt/local/lib/libopencv_video.2.3.1.dylib; sourceTree = "<absolute>"; };
		7478BC9814EC40B600B97444 /* libopenjpeg.1.dylib */ = {isa = PBXFileReference; lastKnownFileType = "compiled.mach-o.dylib"; name = libopenjpeg.1.dylib; path = /opt/local/lib/libopenjpeg.1.dylib; sourceTree = "<absolute>"; };
		7478BCA514EC413200B97444 /* libopencv_calib3d.2.3.1.dylib */ = {isa = PBXFileReference; lastKnownFileType = "compiled.mach-o.dylib"; name = libopencv_calib3d.2.3.1.dylib; path = /opt/local/lib/libopencv_calib3d.2.3.1.dylib; sourceTree = "<absolute>"; };
		7478BCA614EC413200B97444 /* libopencv_contrib.2.3.1.dylib */ = {isa = PBXFileReference; lastKnownFileType = "compiled.mach-o.dylib"; name = libopencv_contrib.2.3.1.dylib; path = /opt/local/lib/libopencv_contrib.2.3.1.dylib; sourceTree = "<absolute>"; };
		7478BCA714EC413200B97444 /* libopencv_features2d.2.3.1.dylib */ = {isa = PBXFileReference; lastKnownFileType = "compiled.mach-o.dylib"; name = libopencv_features2d.2.3.1.dylib; path = /opt/local/lib/libopencv_features2d.2.3.1.dylib; sourceTree = "<absolute>"; };
		7478BCA814EC413200B97444 /* libopencv_flann.2.3.1.dylib */ = {isa = PBXFileReference; lastKnownFileType = "compiled.mach-o.dylib"; name = libopencv_flann.2.3.1.dylib; path = /opt/local/lib/libopencv_flann.2.3.1.dylib; sourceTree = "<absolute>"; };
		7478BCA914EC413200B97444 /* libopencv_gpu.2.3.1.dylib */ = {isa = PBXFileReference; lastKnownFileType = "compiled.mach-o.dylib"; name = libopencv_gpu.2.3.1.dylib; path = /opt/local/lib/libopencv_gpu.2.3.1.dylib; sourceTree = "<absolute>"; };
		7478BCAA14EC413200B97444 /* libopencv_ml.2.3.1.dylib */ = {isa = PBXFileReference; lastKnownFileType = "compiled.mach-o.dylib"; name = libopencv_ml.2.3.1.dylib; path = /opt/local/lib/libopencv_ml.2.3.1.dylib; sourceTree = "<absolute>"; };
		7478BCAB14EC413200B97444 /* libopencv_objdetect.2.3.1.dylib */ = {isa = PBXFileReference; lastKnownFileType = "compiled.mach-o.dylib"; name = libopencv_objdetect.2.3.1.dylib; path = /opt/local/lib/libopencv_objdetect.2.3.1.dylib; sourceTree = "<absolute>"; };
		7478BCAC14EC413200B97444 /* libopencv_ts.2.3.1.dylib */ = {isa = PBXFileReference; lastKnownFileType = "compiled.mach-o.dylib"; name = libopencv_ts.2.3.1.dylib; path = /opt/local/lib/libopencv_ts.2.3.1.dylib; sourceTree = "<absolute>"; };
		7478BCF614EC4B8500B97444 /* haarcascade_frontalface_alt.xml */ = {isa = PBXFileReference; fileEncoding = 4; lastKnownFileType = text.xml; name = haarcascade_frontalface_alt.xml; path = /opt/local/share/OpenCV/haarcascades/haarcascade_frontalface_alt.xml; sourceTree = "<absolute>"; };
		7478BD7414EC5F1D00B97444 /* libzbar.0.dylib */ = {isa = PBXFileReference; lastKnownFileType = "compiled.mach-o.dylib"; name = libzbar.0.dylib; path = /usr/local/lib/libzbar.0.dylib; sourceTree = "<absolute>"; };
		7478BD7514EC5F1D00B97444 /* libzbar.a */ = {isa = PBXFileReference; lastKnownFileType = archive.ar; name = libzbar.a; path = /usr/local/lib/libzbar.a; sourceTree = "<absolute>"; };
		7478BD7614EC5F1D00B97444 /* libzbar.dylib */ = {isa = PBXFileReference; lastKnownFileType = "compiled.mach-o.dylib"; name = libzbar.dylib; path = /usr/local/lib/libzbar.dylib; sourceTree = "<absolute>"; };
		7478BD7714EC5F1D00B97444 /* libzbar.la */ = {isa = PBXFileReference; fileEncoding = 4; lastKnownFileType = text; name = libzbar.la; path = /usr/local/lib/libzbar.la; sourceTree = "<absolute>"; };
		8DD76FB20486AB0100D96B5E /* ImProc2 */ = {isa = PBXFileReference; explicitFileType = "compiled.mach-o.executable"; includeInIndex = 0; path = ImProc2; sourceTree = BUILT_PRODUCTS_DIR; };
		C6A0FF2C0290799A04C91782 /* CameraStream.1 */ = {isa = PBXFileReference; lastKnownFileType = text.man; name = CameraStream.1; path = ImProc2.1; sourceTree = "<group>"; };
/* End PBXFileReference section */

/* Begin PBXFrameworksBuildPhase section */
		8DD76FAD0486AB0100D96B5E /* Frameworks */ = {
			isa = PBXFrameworksBuildPhase;
			buildActionMask = 2147483647;
			files = (
				7478BC9914EC40B600B97444 /* libopencv_core.2.3.1.dylib in Frameworks */,
				7478BC9A14EC40B600B97444 /* libopencv_highgui.2.3.1.dylib in Frameworks */,
				7478BC9B14EC40B600B97444 /* libopencv_imgproc.2.3.1.dylib in Frameworks */,
				7478BC9C14EC40B600B97444 /* libopencv_legacy.2.3.1.dylib in Frameworks */,
				7478BC9D14EC40B600B97444 /* libopencv_video.2.3.1.dylib in Frameworks */,
				7478BC9E14EC40B600B97444 /* libopenjpeg.1.dylib in Frameworks */,
				7478BCAD14EC413200B97444 /* libopencv_calib3d.2.3.1.dylib in Frameworks */,
				7478BCAE14EC413200B97444 /* libopencv_contrib.2.3.1.dylib in Frameworks */,
				7478BCAF14EC413200B97444 /* libopencv_features2d.2.3.1.dylib in Frameworks */,
				7478BCB014EC413200B97444 /* libopencv_flann.2.3.1.dylib in Frameworks */,
				7478BCB114EC413200B97444 /* libopencv_gpu.2.3.1.dylib in Frameworks */,
				7478BCB214EC413200B97444 /* libopencv_ml.2.3.1.dylib in Frameworks */,
				7478BCB314EC413200B97444 /* libopencv_objdetect.2.3.1.dylib in Frameworks */,
				7478BCB414EC413200B97444 /* libopencv_ts.2.3.1.dylib in Frameworks */,
				7478BD7814EC5F1D00B97444 /* libzbar.0.dylib in Frameworks */,
				7478BD7914EC5F1D00B97444 /* libzbar.a in Frameworks */,
				7478BD7A14EC5F1D00B97444 /* libzbar.dylib in Frameworks */,
			);
			runOnlyForDeploymentPostprocessing = 0;
		};
/* End PBXFrameworksBuildPhase section */

/* Begin PBXGroup section */
		08FB7794FE84155DC02AAC07 /* ImProc2 */ = {
			isa = PBXGroup;
			children = (
				7478BD7414EC5F1D00B97444 /* libzbar.0.dylib */,
				7478BD7514EC5F1D00B97444 /* libzbar.a */,
				7478BD7614EC5F1D00B97444 /* libzbar.dylib */,
				7478BD7714EC5F1D00B97444 /* libzbar.la */,
				7478BCA514EC413200B97444 /* libopencv_calib3d.2.3.1.dylib */,
				7478BCA614EC413200B97444 /* libopencv_contrib.2.3.1.dylib */,
				7478BCA714EC413200B97444 /* libopencv_features2d.2.3.1.dylib */,
				7478BCA814EC413200B97444 /* libopencv_flann.2.3.1.dylib */,
				7478BCA914EC413200B97444 /* libopencv_gpu.2.3.1.dylib */,
				7478BCAA14EC413200B97444 /* libopencv_ml.2.3.1.dylib */,
				7478BCAB14EC413200B97444 /* libopencv_objdetect.2.3.1.dylib */,
				7478BCAC14EC413200B97444 /* libopencv_ts.2.3.1.dylib */,
				7478BC9314EC40B600B97444 /* libopencv_core.2.3.1.dylib */,
				7478BC9414EC40B600B97444 /* libopencv_highgui.2.3.1.dylib */,
				7478BC9514EC40B600B97444 /* libopencv_imgproc.2.3.1.dylib */,
				7478BC9614EC40B600B97444 /* libopencv_legacy.2.3.1.dylib */,
				7478BC9714EC40B600B97444 /* libopencv_video.2.3.1.dylib */,
				7478BC9814EC40B600B97444 /* libopenjpeg.1.dylib */,
				08FB7795FE84155DC02AAC07 /* Source */,
				C6A0FF2B0290797F04C91782 /* Documentation */,
				1AB674ADFE9D54B511CA2CBB /* Products */,
			);
			name = ImProc2;
			sourceTree = "<group>";
		};
		08FB7795FE84155DC02AAC07 /* Source */ = {
			isa = PBXGroup;
			children = (
				7478BCF614EC4B8500B97444 /* haarcascade_frontalface_alt.xml */,
				08FB7796FE84155DC02AAC07 /* main.c */,
			);
			name = Source;
			sourceTree = "<group>";
		};
		1AB674ADFE9D54B511CA2CBB /* Products */ = {
			isa = PBXGroup;
			children = (
				8DD76FB20486AB0100D96B5E /* ImProc2 */,
			);
			name = Products;
			sourceTree = "<group>";
		};
		C6A0FF2B0290797F04C91782 /* Documentation */ = {
			isa = PBXGroup;
			children = (
				C6A0FF2C0290799A04C91782 /* CameraStream.1 */,
			);
			name = Documentation;
			sourceTree = "<group>";
		};
/* End PBXGroup section */

/* Begin PBXNativeTarget section */
		8DD76FA90486AB0100D96B5E /* BarCode */ = {
			isa = PBXNativeTarget;
			buildConfigurationList = 1DEB928508733DD80010E9CD /* Build configuration list for PBXNativeTarget "BarCode" */;
			buildPhases = (
				8DD76FAB0486AB0100D96B5E /* Sources */,
				8DD76FAD0486AB0100D96B5E /* Frameworks */,
				8DD76FAF0486AB0100D96B5E /* CopyFiles */,
			);
			buildRules = (
			);
			dependencies = (
			);
			name = BarCode;
			productInstallPath = "$(HOME)/bin";
			productName = ImProc2;
			productReference = 8DD76FB20486AB0100D96B5E /* ImProc2 */;
			productType = "com.apple.product-type.tool";
		};
/* End PBXNativeTarget section */

/* Begin PBXProject section */
		08FB7793FE84155DC02AAC07 /* Project object */ = {
			isa = PBXProject;
			buildConfigurationList = 1DEB928908733DD80010E9CD /* Build configuration list for PBXProject "BarCode" */;
			compatibilityVersion = "Xcode 3.1";
			developmentRegion = English;
			hasScannedForEncodings = 1;
			knownRegions = (
				English,
				Japanese,
				French,
				German,
			);
			mainGroup = 08FB7794FE84155DC02AAC07 /* ImProc2 */;
			projectDirPath = "";
			projectRoot = "";
			targets = (
				8DD76FA90486AB0100D96B5E /* BarCode */,
			);
		};
/* End PBXProject section */

/* Begin PBXSourcesBuildPhase section */
		8DD76FAB0486AB0100D96B5E /* Sources */ = {
			isa = PBXSourcesBuildPhase;
			buildActionMask = 2147483647;
			files = (
				8DD76FAC0486AB0100D96B5E /* main.c in Sources */,
			);
			runOnlyForDeploymentPostprocessing = 0;
		};
/* End PBXSourcesBuildPhase section */

/* Begin XCBuildConfiguration section */
		1DEB928608733DD80010E9CD /* Debug */ = {
			isa = XCBuildConfiguration;
			buildSettings = {
				ALWAYS_SEARCH_USER_PATHS = NO;
				COPY_PHASE_STRIP = NO;
				GCC_DYNAMIC_NO_PIC = NO;
				GCC_ENABLE_FIX_AND_CONTINUE = YES;
				GCC_MODEL_TUNING = G5;
				GCC_OPTIMIZATION_LEVEL = 0;
				INSTALL_PATH = /usr/local/bin;
				LIBRARY_SEARCH_PATHS = (
					"$(inherited)",
					"\"$(SRCROOT)\"",
					/opt/local/lib,
				);
				PRODUCT_NAME = ImProc2;
			};
			name = Debug;
		};
		1DEB928708733DD80010E9CD /* Release */ = {
			isa = XCBuildConfiguration;
			buildSettings = {
				ALWAYS_SEARCH_USER_PATHS = NO;
				DEBUG_INFORMATION_FORMAT = "dwarf-with-dsym";
				GCC_MODEL_TUNING = G5;
				INSTALL_PATH = /usr/local/bin;
				LIBRARY_SEARCH_PATHS = (
					"$(inherited)",
					"\"$(SRCROOT)\"",
					/opt/local/lib,
				);
				PRODUCT_NAME = ImProc2;
			};
			name = Release;
		};
		1DEB928A08733DD80010E9CD /* Debug */ = {
			isa = XCBuildConfiguration;
			buildSettings = {
				ARCHS = "$(ARCHS_STANDARD_32_64_BIT)";
				GCC_C_LANGUAGE_STANDARD = gnu99;
				GCC_OPTIMIZATION_LEVEL = 0;
				GCC_WARN_ABOUT_RETURN_TYPE = YES;
				GCC_WARN_UNUSED_VARIABLE = YES;
				HEADER_SEARCH_PATHS = (
					"/usr/local/include/**",
					"/usr/local/include/opencv//**",
				);
				ONLY_ACTIVE_ARCH = YES;
				PREBINDING = NO;
				SDKROOT = macosx10.6;
				VALID_ARCHS = "i386 x86_64";
			};
			name = Debug;
		};
		1DEB928B08733DD80010E9CD /* Release */ = {
			isa = XCBuildConfiguration;
			buildSettings = {
				ARCHS = "$(ARCHS_STANDARD_32_64_BIT)";
				GCC_C_LANGUAGE_STANDARD = gnu99;
				GCC_WARN_ABOUT_RETURN_TYPE = YES;
				GCC_WARN_UNUSED_VARIABLE = YES;
				HEADER_SEARCH_PATHS = (
					"/usr/local/include/**",
					"/usr/local/include/opencv//**",
				);
				PREBINDING = NO;
				SDKROOT = macosx10.6;
				VALID_ARCHS = "i386 x86_64";
			};
			name = Release;
		};
/* End XCBuildConfiguration section */

/* Begin XCConfigurationList section */
		1DEB928508733DD80010E9CD /* Build configuration list for PBXNativeTarget "BarCode" */ = {
			isa = XCConfigurationList;
			buildConfigurations = (
				1DEB928608733DD80010E9CD /* Debug */,
				1DEB928708733DD80010E9CD /* Release */,
			);
			defaultConfigurationIsVisible = 0;
			defaultConfigurationName = Release;
		};
		1DEB928908733DD80010E9CD /* Build configuration list for PBXProject "BarCode" */ = {
			isa = XCConfigurationList;
			buildConfigurations = (
				1DEB928A08733DD80010E9CD /* Debug */,
				1DEB928B08733DD80010E9CD /* Release */,
			);
			defaultConfigurationIsVisible = 0;
			defaultConfigurationName = Release;
		};
/* End XCConfigurationList section */
	};
	rootObject = 08FB7793FE84155DC02AAC07 /* Project object */;
}
